
Microsoft Visual Studio Solution File, Format Version 12.00
# Visual Studio Version 17
VisualStudioVersion = 17.14.36518.9 d17.14
MinimumVisualStudioVersion = 10.0.40219.1
Project("{FAE04EC0-301F-11D3-BF4B-00C04F79EFBC}") = "utilitext", "utilitext.csproj", "{A735E5D7-2459-4167-9025-73D9732E4E84}"
EndProject
Global
	GlobalSection(SolutionConfigurationPlatforms) = preSolution
		Debug|Any CPU = Debug|Any CPU
		Release|Any CPU = Release|Any CPU
	EndGlobalSection
	GlobalSection(ProjectConfigurationPlatforms) = postSolution
		{A735E5D7-2459-4167-9025-73D9732E4E84}.Debug|Any CPU.ActiveCfg = Debug|Any CPU
		{A735E5D7-2459-4167-9025-73D9732E4E84}.Debug|Any CPU.Build.0 = Debug|Any CPU
		{A735E5D7-2459-4167-9025-73D9732E4E84}.Release|Any CPU.ActiveCfg = Release|Any CPU
		{A735E5D7-2459-4167-9025-73D9732E4E84}.Release|Any CPU.Build.0 = Release|Any CPU
	EndGlobalSection
	GlobalSection(SolutionProperties) = preSolution
		HideSolutionNode = FALSE
	EndGlobalSection
	GlobalSection(ExtensibilityGlobals) = postSolution
		SolutionGuid = {87E9A24C-0CF8-405A-A80B-896A52D9EBA0}
	EndGlobalSection
EndGlobal
